
Microsoft Visual Studio Solution File, Format Version 12.00
# Visual Studio Version 17
VisualStudioVersion = 17.8.34330.188
MinimumVisualStudioVersion = 10.0.40219.1
Project("{FAE04EC0-301F-11D3-BF4B-00C04F79EFBC}") = "Kairos Ventures", "Kairos Ventures\Kairos Ventures.csproj", "{8FD6C1D7-508D-4E9E-8421-7FED0D528850}"
EndProject
Global
	GlobalSection(SolutionConfigurationPlatforms) = preSolution
		Debug|Any CPU = Debug|Any CPU
		Release|Any CPU = Release|Any CPU
	EndGlobalSection
	GlobalSection(ProjectConfigurationPlatforms) = postSolution
		{8FD6C1D7-508D-4E9E-8421-7FED0D528850}.Debug|Any CPU.ActiveCfg = Debug|Any CPU
		{8FD6C1D7-508D-4E9E-8421-7FED0D528850}.Debug|Any CPU.Build.0 = Debug|Any CPU
		{8FD6C1D7-508D-4E9E-8421-7FED0D528850}.Release|Any CPU.ActiveCfg = Release|Any CPU
		{8FD6C1D7-508D-4E9E-8421-7FED0D528850}.Release|Any CPU.Build.0 = Release|Any CPU
	EndGlobalSection
	GlobalSection(SolutionProperties) = preSolution
		HideSolutionNode = FALSE
	EndGlobalSection
	GlobalSection(ExtensibilityGlobals) = postSolution
		SolutionGuid = {21F9B5B7-9ADB-4B99-ACCD-067F90301990}
	EndGlobalSection
EndGlobal
